{
    "_readme": [
        "This file locks the dependencies of your project to a known state",
        "Read more about it at https://getcomposer.org/doc/01-basic-usage.md#installing-dependencies",
        "This file is @generated automatically"
    ],
    "content-hash": "2603326f2fe57f49ad0eb2bebc7b191b",
    "packages": [
        {
            "name": "tangram/tangram",
            "version": "0.7.0",
            "source": {
                "type": "git",
                "url": "https://github.com/tangramdotdev/tangram-php.git",
                "reference": "062fc944d4c0e725f5a5c835ba0b68f66b7d3573"
            },
            "dist": {
                "type": "zip",
                "url": "https://api.github.com/repos/tangramdotdev/tangram-php/zipball/062fc944d4c0e725f5a5c835ba0b68f66b7d3573",
                "reference": "062fc944d4c0e725f5a5c835ba0b68f66b7d3573",
                "shasum": ""
            },
            "require": {
                "php": ">=7.4"
            },
            "require-dev": {
                "friendsofphp/php-cs-fixer": "^3.2",
                "phpunit/phpunit": ">=8.0",
                "squizlabs/php_codesniffer": "^3.0"
            },
            "type": "library",
            "extra": {
                "branch-alias": {
                    "dev-master": "1.0-dev"
                }
            },
            "autoload": {
                "psr-4": {
                    "tangram\\tangram\\": "src"
                }
            },
            "notification-url": "https://packagist.org/downloads/",
            "license": [
                "MIT"
            ],
            "authors": [
                {
                    "name": "Tangram",
                    "email": "root@tangram.dev",
                    "homepage": "https://www.tangram.dev",
                    "role": "Developer"
                }
            ],
            "description": "Make predictions with a Tangram model from your PHP app. Learn more at https://www.tangram.dev/.",
            "homepage": "https://www.tangram.dev",
            "keywords": [
                "tangram"
            ],
            "support": {
                "issues": "https://github.com/tangramdotdev/tangram-php/issues",
                "source": "https://github.com/tangramdotdev/tangram-php/tree/v0.7.0"
            },
            "time": "2021-11-15T16:55:25+00:00"
        }
    ],
    "packages-dev": [],
    "aliases": [],
    "minimum-stability": "stable",
    "stability-flags": [],
    "prefer-stable": false,
    "prefer-lowest": false,
    "platform": [],
    "platform-dev": [],
    "plugin-api-version": "2.1.0"
}
